github.com/kamaal111/WalletManifestCreator v0.0.0-20210711162647-3b639545ff66 h1:0YcS16gYVKiKcNDbSq07YBI9OSenKPSDMrEaiafuhTM=
github.com/kamaal111/WalletManifestCreator v0.0.0-20210711162647-3b639545ff66/go.mod h1:Z6LgmD4RepV262gGz2f9vacbzEhjIFUaxBA0s1XmPFM=
github.com/kamaal111/kamaal-go-utils v0.0.0-20210711150252-703110dd43f1/go.mod h1:JYDt5611sizoVXbZPSA2U7dXkPlu7xaP+adxCfWidjQ=
github.com/kamaal111/kamaal-go-utils v0.0.0-20210712065603-5954f89522fd h1:HcI0yCtogiLV5NZPnaJSpeIzC6oQkZOEdjENS4Sjbxg=
github.com/kamaal111/kamaal-go-utils v0.0.0-20210712065603-5954f89522fd/go.mod h1:JYDt5611sizoVXbZPSA2U7dXkPlu7xaP+adxCfWidjQ=
